
Microsoft Visual Studio Solution File, Format Version 12.00
# Visual Studio Version 17
VisualStudioVersion = 17.9.34622.214
MinimumVisualStudioVersion = 10.0.40219.1
Project("{9A19103F-16F7-4668-BE54-9A1E7A4F7556}") = "OAuth2OpenIdConnect", "OAuth2OpenIdConnect\OAuth2OpenIdConnect.csproj", "{3E999A6C-A9C6-4645-9066-D81D1ED1295F}"
EndProject
Global
	GlobalSection(SolutionConfigurationPlatforms) = preSolution
		Debug|Any CPU = Debug|Any CPU
		Release|Any CPU = Release|Any CPU
	EndGlobalSection
	GlobalSection(ProjectConfigurationPlatforms) = postSolution
		{3E999A6C-A9C6-4645-9066-D81D1ED1295F}.Debug|Any CPU.ActiveCfg = Debug|Any CPU
		{3E999A6C-A9C6-4645-9066-D81D1ED1295F}.Debug|Any CPU.Build.0 = Debug|Any CPU
		{3E999A6C-A9C6-4645-9066-D81D1ED1295F}.Release|Any CPU.ActiveCfg = Release|Any CPU
		{3E999A6C-A9C6-4645-9066-D81D1ED1295F}.Release|Any CPU.Build.0 = Release|Any CPU
	EndGlobalSection
	GlobalSection(SolutionProperties) = preSolution
		HideSolutionNode = FALSE
	EndGlobalSection
	GlobalSection(ExtensibilityGlobals) = postSolution
		SolutionGuid = {B864BA36-8B43-47C8-AFF3-A6E20F8F04FF}
	EndGlobalSection
EndGlobal
